PATH
  remote: .
  specs:
    sw_fac (0.3.52)
      nokogiri (= 1.13.4)

GEM
  remote: https://rubygems.org/
  specs:
    mini_portile2 (2.8.0)
    minitest (5.11.3)
    nokogiri (1.13.4)
      mini_portile2 (~> 2.8.0)
      racc (~> 1.4)
    racc (1.6.0)
    rake (10.5.0)

PLATFORMS
  ruby

DEPENDENCIES
  bundler (~> 1.16)
  minitest (~> 5.0)
  rake (~> 10.0)
  sw_fac!

BUNDLED WITH
   1.17.2
