PATH
  remote: .
  specs:
    sw_fac (0.3.52)
      nokogiri (= 1.10.9)

GEM
  remote: https://rubygems.org/
  specs:
    mini_portile2 (2.4.0)
    minitest (5.11.3)
    nokogiri (1.10.9)
      mini_portile2 (~> 2.4.0)
    rake (13.0.1)

PLATFORMS
  ruby

DEPENDENCIES
  bundler (~> 1.16)
  minitest (~> 5.0)
  rake (~> 13.0)
  sw_fac!

BUNDLED WITH
   1.17.2
